
Microsoft Visual Studio Solution File, Format Version 12.00
# Visual Studio 15
VisualStudioVersion = 15.0.28307.539
MinimumVisualStudioVersion = 10.0.40219.1
Project("{FAE04EC0-301F-11D3-BF4B-00C04F79EFBC}") = "Automobile", "Automobile\Automobile.csproj", "{04ECCFC2-A8C4-45C6-9E14-2B119F8B6C40}"
EndProject
Global
	GlobalSection(SolutionConfigurationPlatforms) = preSolution
		Debug|Any CPU = Debug|Any CPU
		Release|Any CPU = Release|Any CPU
	EndGlobalSection
	GlobalSection(ProjectConfigurationPlatforms) = postSolution
		{04ECCFC2-A8C4-45C6-9E14-2B119F8B6C40}.Debug|Any CPU.ActiveCfg = Debug|Any CPU
		{04ECCFC2-A8C4-45C6-9E14-2B119F8B6C40}.Debug|Any CPU.Build.0 = Debug|Any CPU
		{04ECCFC2-A8C4-45C6-9E14-2B119F8B6C40}.Release|Any CPU.ActiveCfg = Release|Any CPU
		{04ECCFC2-A8C4-45C6-9E14-2B119F8B6C40}.Release|Any CPU.Build.0 = Release|Any CPU
	EndGlobalSection
	GlobalSection(SolutionProperties) = preSolution
		HideSolutionNode = FALSE
	EndGlobalSection
	GlobalSection(ExtensibilityGlobals) = postSolution
		SolutionGuid = {662C4113-3765-4E66-94FA-FBEB2D9D5F49}
	EndGlobalSection
EndGlobal
